
Microsoft Visual Studio Solution File, Format Version 12.00
# Visual Studio Version 16
VisualStudioVersion = 16.0.29403.142
MinimumVisualStudioVersion = 10.0.40219.1
Project("{FAE04EC0-301F-11D3-BF4B-00C04F79EFBC}") = "MyFirstApp", "MyFirstApp\MyFirstApp.csproj", "{DACDDB57-001E-4E2A-8B13-68B05DB37DDD}"
EndProject
Global
	GlobalSection(SolutionConfigurationPlatforms) = preSolution
		Debug|Any CPU = Debug|Any CPU
		Release|Any CPU = Release|Any CPU
	EndGlobalSection
	GlobalSection(ProjectConfigurationPlatforms) = postSolution
		{DACDDB57-001E-4E2A-8B13-68B05DB37DDD}.Debug|Any CPU.ActiveCfg = Debug|Any CPU
		{DACDDB57-001E-4E2A-8B13-68B05DB37DDD}.Debug|Any CPU.Build.0 = Debug|Any CPU
		{DACDDB57-001E-4E2A-8B13-68B05DB37DDD}.Release|Any CPU.ActiveCfg = Release|Any CPU
		{DACDDB57-001E-4E2A-8B13-68B05DB37DDD}.Release|Any CPU.Build.0 = Release|Any CPU
	EndGlobalSection
	GlobalSection(SolutionProperties) = preSolution
		HideSolutionNode = FALSE
	EndGlobalSection
	GlobalSection(ExtensibilityGlobals) = postSolution
		SolutionGuid = {0DF7D8F2-17BE-46F1-8B3C-7AB7C14272AA}
	EndGlobalSection
EndGlobal
